# Resolved upstream pins — regenerated by scripts/sync-upstreams.sh

ui-ux-pro-max	https://github.com/nextlevelbuilder/ui-ux-pro-max-skill	v2.9.0	65e23199492fa911af32d9078e627ab4de01f4c8
emil-design-eng	https://github.com/emilkowalski/skills	8a4a02183f466f54315138e5f94b349df5b84acf	8a4a02183f466f54315138e5f94b349df5b84acf
review-animations	https://github.com/emilkowalski/skills	8a4a02183f466f54315138e5f94b349df5b84acf	8a4a02183f466f54315138e5f94b349df5b84acf
impeccable	https://github.com/pbakaus/impeccable	skill-v3.8.0	da18929df04fbfc0ad6526ff224cc3c21cf7d361
